
Microsoft Visual Studio Solution File, Format Version 12.00
# Visual Studio Version 16
VisualStudioVersion = 16.0.31624.102
MinimumVisualStudioVersion = 10.0.40219.1
Project("{8BC9CEB8-8B4A-11D0-8D11-00A0C91BC942}") = "Snake", "Snake\Snake.vcxproj", "{0F839943-E0C9-42FD-817C-65A331A94BF8}"
EndProject
Global
	GlobalSection(SolutionConfigurationPlatforms) = preSolution
		Debug|x64 = Debug|x64
		Debug|x86 = Debug|x86
		Release|x64 = Release|x64
		Release|x86 = Release|x86
	EndGlobalSection
	GlobalSection(ProjectConfigurationPlatforms) = postSolution
		{0F839943-E0C9-42FD-817C-65A331A94BF8}.Debug|x64.ActiveCfg = Debug|x64
		{0F839943-E0C9-42FD-817C-65A331A94BF8}.Debug|x64.Build.0 = Debug|x64
		{0F839943-E0C9-42FD-817C-65A331A94BF8}.Debug|x86.ActiveCfg = Debug|Win32
		{0F839943-E0C9-42FD-817C-65A331A94BF8}.Debug|x86.Build.0 = Debug|Win32
		{0F839943-E0C9-42FD-817C-65A331A94BF8}.Release|x64.ActiveCfg = Release|x64
		{0F839943-E0C9-42FD-817C-65A331A94BF8}.Release|x64.Build.0 = Release|x64
		{0F839943-E0C9-42FD-817C-65A331A94BF8}.Release|x86.ActiveCfg = Release|Win32
		{0F839943-E0C9-42FD-817C-65A331A94BF8}.Release|x86.Build.0 = Release|Win32
	EndGlobalSection
	GlobalSection(SolutionProperties) = preSolution
		HideSolutionNode = FALSE
	EndGlobalSection
	GlobalSection(ExtensibilityGlobals) = postSolution
		SolutionGuid = {0256F84A-8485-4908-9463-041286D0D761}
	EndGlobalSection
EndGlobal
